{
  "requires": true,
  "lockfileVersion": 1,
  "dependencies": {
    "@trycourier/courier": {
      "version": "3.13.1",
      "resolved": "https://registry.npmjs.org/@trycourier/courier/-/courier-3.13.1.tgz",
      "integrity": "sha512-XQXQ084X8ZIC+Ib+5MtQVAv6QJmCP+qQ57KfRfw1QethjBUcggR49m9D8gtrmgiY05jisJWsr/H+m+c8NQu0dw==",
      "requires": {
        "axios": "^0.21.1"
      }
    },
    "axios": {
      "version": "0.21.4",
      "resolved": "https://registry.npmjs.org/axios/-/axios-0.21.4.tgz",
      "integrity": "sha512-ut5vewkiu8jjGBdqpM44XxjuCjq9LAKeHVmoVfHVzy8eHgxxq8SbAVQNovDA8mVi05kP0Ea/n/UzcSHcTJQfNg==",
      "requires": {
        "follow-redirects": "^1.14.0"
      }
    },
    "follow-redirects": {
      "version": "1.15.1",
      "resolved": "https://registry.npmjs.org/follow-redirects/-/follow-redirects-1.15.1.tgz",
      "integrity": "sha512-yLAMQs+k0b2m7cVxpS1VKJVvoz7SS9Td1zss3XRwXj+ZDH00RJgnuLx7E44wx02kQLrdM3aOOy+FpzS7+8OizA=="
    }
  }
}
